
Microsoft Visual Studio Solution File, Format Version 12.00
# Visual Studio Version 17
VisualStudioVersion = 17.8.34015.322
MinimumVisualStudioVersion = 10.0.40219.1
Project("{FAE04EC0-301F-11D3-BF4B-00C04F79EFBC}") = "BlazorApp12", "BlazorApp12\BlazorApp12.csproj", "{FF5867E3-43AB-413A-9CA1-C54D5F34485D}"
EndProject
Global
	GlobalSection(SolutionConfigurationPlatforms) = preSolution
		Debug|Any CPU = Debug|Any CPU
		Release|Any CPU = Release|Any CPU
	EndGlobalSection
	GlobalSection(ProjectConfigurationPlatforms) = postSolution
		{FF5867E3-43AB-413A-9CA1-C54D5F34485D}.Debug|Any CPU.ActiveCfg = Debug|Any CPU
		{FF5867E3-43AB-413A-9CA1-C54D5F34485D}.Debug|Any CPU.Build.0 = Debug|Any CPU
		{FF5867E3-43AB-413A-9CA1-C54D5F34485D}.Release|Any CPU.ActiveCfg = Release|Any CPU
		{FF5867E3-43AB-413A-9CA1-C54D5F34485D}.Release|Any CPU.Build.0 = Release|Any CPU
	EndGlobalSection
	GlobalSection(SolutionProperties) = preSolution
		HideSolutionNode = FALSE
	EndGlobalSection
	GlobalSection(ExtensibilityGlobals) = postSolution
		SolutionGuid = {A9EB172D-04FE-4411-AC2E-C6BD0030D2F2}
	EndGlobalSection
EndGlobal
